
Microsoft Visual Studio Solution File, Format Version 12.00
# Visual Studio Version 16
VisualStudioVersion = 16.0.29806.167
MinimumVisualStudioVersion = 10.0.40219.1
Project("{FAE04EC0-301F-11D3-BF4B-00C04F79EFBC}") = "DemoCollection", "DemoCollection.csproj", "{2B2F2A81-CC3A-482F-B42E-BDF104D63186}"
EndProject
Global
	GlobalSection(SolutionConfigurationPlatforms) = preSolution
		Debug|Any CPU = Debug|Any CPU
		Release|Any CPU = Release|Any CPU
	EndGlobalSection
	GlobalSection(ProjectConfigurationPlatforms) = postSolution
		{2B2F2A81-CC3A-482F-B42E-BDF104D63186}.Debug|Any CPU.ActiveCfg = Debug|Any CPU
		{2B2F2A81-CC3A-482F-B42E-BDF104D63186}.Debug|Any CPU.Build.0 = Debug|Any CPU
		{2B2F2A81-CC3A-482F-B42E-BDF104D63186}.Release|Any CPU.ActiveCfg = Release|Any CPU
		{2B2F2A81-CC3A-482F-B42E-BDF104D63186}.Release|Any CPU.Build.0 = Release|Any CPU
	EndGlobalSection
	GlobalSection(SolutionProperties) = preSolution
		HideSolutionNode = FALSE
	EndGlobalSection
	GlobalSection(ExtensibilityGlobals) = postSolution
		SolutionGuid = {A9EAF641-86C9-4DF9-880D-F980EB9941DD}
	EndGlobalSection
EndGlobal
